
Microsoft Visual Studio Solution File, Format Version 12.00
# Visual Studio Version 16
VisualStudioVersion = 16.0.32228.343
MinimumVisualStudioVersion = 10.0.40219.1
Project("{FAE04EC0-301F-11D3-BF4B-00C04F79EFBC}") = "AntraUzduotis2", "AntraUzduotis2\AntraUzduotis2.csproj", "{7B5EDD12-D881-4B31-90B7-58FE9FBC6D71}"
EndProject
Global
	GlobalSection(SolutionConfigurationPlatforms) = preSolution
		Debug|Any CPU = Debug|Any CPU
		Release|Any CPU = Release|Any CPU
	EndGlobalSection
	GlobalSection(ProjectConfigurationPlatforms) = postSolution
		{7B5EDD12-D881-4B31-90B7-58FE9FBC6D71}.Debug|Any CPU.ActiveCfg = Debug|Any CPU
		{7B5EDD12-D881-4B31-90B7-58FE9FBC6D71}.Debug|Any CPU.Build.0 = Debug|Any CPU
		{7B5EDD12-D881-4B31-90B7-58FE9FBC6D71}.Release|Any CPU.ActiveCfg = Release|Any CPU
		{7B5EDD12-D881-4B31-90B7-58FE9FBC6D71}.Release|Any CPU.Build.0 = Release|Any CPU
	EndGlobalSection
	GlobalSection(SolutionProperties) = preSolution
		HideSolutionNode = FALSE
	EndGlobalSection
	GlobalSection(ExtensibilityGlobals) = postSolution
		SolutionGuid = {5347B03E-C88E-4787-B05C-AD15FE194360}
	EndGlobalSection
EndGlobal
